// !$*UTF8*$!
{
	archiveVersion = 1;
	classes = {
	};
	objectVersion = 51;
	objects = {

/* Begin PBXBuildFile section */
		0904E0AB259A357900184DC0 /* UIButton+Extension.swift in Sources */ = {isa = PBXBuildFile; fileRef = 0904E0AA259A357900184DC0 /* UIButton+Extension.swift */; };
		0904E0B0259A37EE00184DC0 /* ViewModel.swift in Sources */ = {isa = PBXBuildFile; fileRef = 0904E0AF259A37EE00184DC0 /* ViewModel.swift */; };
		090EF50E24FFE55700ADC959 /* SelectBoard.swift in Sources */ = {isa = PBXBuildFile; fileRef = 090EF50D24FFE55700ADC959 /* SelectBoard.swift */; };
		091A062E25072C7000B405B6 /* UpLoadLoLPost.swift in Sources */ = {isa = PBXBuildFile; fileRef = 091A062D25072C7000B405B6 /* UpLoadLoLPost.swift */; };
		09549B0124FFC07400B1A0B0 /* LoLPostCell.swift in Sources */ = {isa = PBXBuildFile; fileRef = 09549B0024FFC07400B1A0B0 /* LoLPostCell.swift */; };
		096E157625A06EF100F2A55C /* SplashViewController.swift in Sources */ = {isa = PBXBuildFile; fileRef = 096E157525A06EF100F2A55C /* SplashViewController.swift */; };
		096E157D25A0791D00F2A55C /* SplashViewModel.swift in Sources */ = {isa = PBXBuildFile; fileRef = 096E157C25A0791D00F2A55C /* SplashViewModel.swift */; };
		096E158025A079D600F2A55C /* UIViewController+Extension.swift in Sources */ = {isa = PBXBuildFile; fileRef = 096E157F25A079D600F2A55C /* UIViewController+Extension.swift */; };
		097B73D625AAD22600367728 /* SplashViewController.xib in Resources */ = {isa = PBXBuildFile; fileRef = 097B73D525AAD22600367728 /* SplashViewController.xib */; };
		097B73D925AADA0B00367728 /* TabBarViewController.swift in Sources */ = {isa = PBXBuildFile; fileRef = 097B73D825AADA0B00367728 /* TabBarViewController.swift */; };
		097B73DE25AADB5100367728 /* TabBarView.swift in Sources */ = {isa = PBXBuildFile; fileRef = 097B73DD25AADB5100367728 /* TabBarView.swift */; };
		097B73E225AADBDB00367728 /* TabBarView.xib in Resources */ = {isa = PBXBuildFile; fileRef = 097B73E125AADBDB00367728 /* TabBarView.xib */; };
		0987128325B7195F008D571D /* GodoM.ttf in Resources */ = {isa = PBXBuildFile; fileRef = 0949308125B7157400AA95C6 /* GodoM.ttf */; };
		0987128525B71A1F008D571D /* GodoB.ttf in Resources */ = {isa = PBXBuildFile; fileRef = 0949308325B7166E00AA95C6 /* GodoB.ttf */; };
		0989123C2502338D0006909F /* BaseValue.swift in Sources */ = {isa = PBXBuildFile; fileRef = 0989123B2502338D0006909F /* BaseValue.swift */; };
		098A740B25ADE5720018300F /* Codable+Extension.swift in Sources */ = {isa = PBXBuildFile; fileRef = 098A740A25ADE5720018300F /* Codable+Extension.swift */; };
		098A741525ADEF690018300F /* CodableProtocol+extension.swift in Sources */ = {isa = PBXBuildFile; fileRef = 098A741425ADEF690018300F /* CodableProtocol+extension.swift */; };
		099669642524AC7200336252 /* LoLMainBoardModel.swift in Sources */ = {isa = PBXBuildFile; fileRef = 099669632524AC7200336252 /* LoLMainBoardModel.swift */; };
		099669682524AC9000336252 /* LoLMainBoardExtension.swift in Sources */ = {isa = PBXBuildFile; fileRef = 099669672524AC9000336252 /* LoLMainBoardExtension.swift */; };
		0996696B2524ACB300336252 /* LoLMainBoardViewModel.swift in Sources */ = {isa = PBXBuildFile; fileRef = 0996696A2524ACB300336252 /* LoLMainBoardViewModel.swift */; };
		09B3F03725C0564E00F5A2AE /* BaseApi.swift in Sources */ = {isa = PBXBuildFile; fileRef = 09B3F03625C0564E00F5A2AE /* BaseApi.swift */; };
		09B519BF24FAAC5400E41FFE /* SceneDelegate.swift in Sources */ = {isa = PBXBuildFile; fileRef = 09B519BE24FAAC5400E41FFE /* SceneDelegate.swift */; };
		09BD7F8F24ED038100409033 /* AppDelegate.swift in Sources */ = {isa = PBXBuildFile; fileRef = 09BD7F8E24ED038100409033 /* AppDelegate.swift */; };
		09BD7F9924ED038100409033 /* duo.xcdatamodeld in Sources */ = {isa = PBXBuildFile; fileRef = 09BD7F9724ED038100409033 /* duo.xcdatamodeld */; };
		09BD7F9E24ED038200409033 /* LaunchScreen.storyboard in Resources */ = {isa = PBXBuildFile; fileRef = 09BD7F9C24ED038200409033 /* LaunchScreen.storyboard */; };
		09CD951C25A4BA83008F7E68 /* BaseNetwork.swift in Sources */ = {isa = PBXBuildFile; fileRef = 09CD951B25A4BA83008F7E68 /* BaseNetwork.swift */; };
		09D7338B25AAF81300DC556A /* HomeViewController.swift in Sources */ = {isa = PBXBuildFile; fileRef = 09D7338925AAF81300DC556A /* HomeViewController.swift */; };
		09D7338C25AAF81300DC556A /* HomeViewController.xib in Resources */ = {isa = PBXBuildFile; fileRef = 09D7338A25AAF81300DC556A /* HomeViewController.xib */; };
		09D7339025AAF89500DC556A /* ChatViewController.swift in Sources */ = {isa = PBXBuildFile; fileRef = 09D7338E25AAF89500DC556A /* ChatViewController.swift */; };
		09D7339125AAF89500DC556A /* ChatViewController.xib in Resources */ = {isa = PBXBuildFile; fileRef = 09D7338F25AAF89500DC556A /* ChatViewController.xib */; };
		09D7339525AAF8A600DC556A /* ProfileViewController.swift in Sources */ = {isa = PBXBuildFile; fileRef = 09D7339325AAF8A600DC556A /* ProfileViewController.swift */; };
		09D7339625AAF8A600DC556A /* ProfileViewController.xib in Resources */ = {isa = PBXBuildFile; fileRef = 09D7339425AAF8A600DC556A /* ProfileViewController.xib */; };
		09D7339A25AAFAAA00DC556A /* TabBarViewModel.swift in Sources */ = {isa = PBXBuildFile; fileRef = 09D7339925AAFAAA00DC556A /* TabBarViewModel.swift */; };
		09D7339D25AAFB7E00DC556A /* UserUseCase.swift in Sources */ = {isa = PBXBuildFile; fileRef = 09D7339C25AAFB7E00DC556A /* UserUseCase.swift */; };
		09D733A025AAFF6C00DC556A /* PostUseCase.swift in Sources */ = {isa = PBXBuildFile; fileRef = 09D7339F25AAFF6C00DC556A /* PostUseCase.swift */; };
		09D733A325AB304800DC556A /* UserDatabase.swift in Sources */ = {isa = PBXBuildFile; fileRef = 09D733A225AB304800DC556A /* UserDatabase.swift */; };
		09D733A625AB319300DC556A /* UserEntity.swift in Sources */ = {isa = PBXBuildFile; fileRef = 09D733A525AB319300DC556A /* UserEntity.swift */; };
		09D733A925AB354300DC556A /* Object+Extension.swift in Sources */ = {isa = PBXBuildFile; fileRef = 09D733A825AB354300DC556A /* Object+Extension.swift */; };
		09DE17C525C05EE20003A846 /* UserNetwork.swift in Sources */ = {isa = PBXBuildFile; fileRef = 09DE17C425C05EE20003A846 /* UserNetwork.swift */; };
		09FD4A8025A1D3C0003B596F /* RealmManager.swift in Sources */ = {isa = PBXBuildFile; fileRef = 09FD4A7F25A1D3C0003B596F /* RealmManager.swift */; };
		09FD4A8425A1D792003B596F /* RealmUser.swift in Sources */ = {isa = PBXBuildFile; fileRef = 09FD4A8325A1D792003B596F /* RealmUser.swift */; };
		1909BB822561994D00C44CFA /* MyPostViewExtension.swift in Sources */ = {isa = PBXBuildFile; fileRef = 1909BB812561994D00C44CFA /* MyPostViewExtension.swift */; };
		1910CCA0256156B8008DFC20 /* CommetCell.swift in Sources */ = {isa = PBXBuildFile; fileRef = 1910CC9F256156B8008DFC20 /* CommetCell.swift */; };
		191CAFB82503BED900933A66 /* MyPostView.swift in Sources */ = {isa = PBXBuildFile; fileRef = 191CAFB72503BED900933A66 /* MyPostView.swift */; };
		191CAFBA2503E88200933A66 /* MyPostCell.swift in Sources */ = {isa = PBXBuildFile; fileRef = 191CAFB92503E88200933A66 /* MyPostCell.swift */; };
		1924FBF225827A700031BB60 /* Chat.swift in Sources */ = {isa = PBXBuildFile; fileRef = 1924FBF125827A700031BB60 /* Chat.swift */; };
		192DB5232582863B0037BF39 /* NewChat.swift in Sources */ = {isa = PBXBuildFile; fileRef = 192DB5222582863B0037BF39 /* NewChat.swift */; };
		1943A45E24FD3604001B4092 /* LolMainBoard.swift in Sources */ = {isa = PBXBuildFile; fileRef = 1943A45D24FD3604001B4092 /* LolMainBoard.swift */; };
		195A5C83251CF2A700FD352D /* LoginViewModel.swift in Sources */ = {isa = PBXBuildFile; fileRef = 195A5C82251CF2A700FD352D /* LoginViewModel.swift */; };
		195A5C88251CF32F00FD352D /* LoginViewController.swift in Sources */ = {isa = PBXBuildFile; fileRef = 195A5C87251CF32F00FD352D /* LoginViewController.swift */; };
		195CA9A324F16D2100D1F52A /* Assets.xcassets in Resources */ = {isa = PBXBuildFile; fileRef = 195CA9A224F16D2100D1F52A /* Assets.xcassets */; };
		19713313251A29890085EDEA /* FilterView.swift in Sources */ = {isa = PBXBuildFile; fileRef = 19713312251A29890085EDEA /* FilterView.swift */; };
		19713317251A29A20085EDEA /* FilterModel.swift in Sources */ = {isa = PBXBuildFile; fileRef = 19713316251A29A20085EDEA /* FilterModel.swift */; };
		1971331A251A29B00085EDEA /* FilterViewModel.swift in Sources */ = {isa = PBXBuildFile; fileRef = 19713319251A29B00085EDEA /* FilterViewModel.swift */; };
		1974132F24FD09B7003BB2F3 /* AccountView.swift in Sources */ = {isa = PBXBuildFile; fileRef = 1974132E24FD09B7003BB2F3 /* AccountView.swift */; };
		1980409924F4B23700ED48B2 /* GameSelectView.swift in Sources */ = {isa = PBXBuildFile; fileRef = 1980409824F4B23700ED48B2 /* GameSelectView.swift */; };
		1995002E250D12180041BA69 /* GameTab.storyboard in Resources */ = {isa = PBXBuildFile; fileRef = 1995002D250D12180041BA69 /* GameTab.storyboard */; };
		19BD2FEF251CFE5D00C52697 /* Main.storyboard in Resources */ = {isa = PBXBuildFile; fileRef = 09BD7F9424ED038100409033 /* Main.storyboard */; };
		19BD2FF7251D0FA300C52697 /* NickNameView.swift in Sources */ = {isa = PBXBuildFile; fileRef = 19BD2FF6251D0FA300C52697 /* NickNameView.swift */; };
		19BD2FFA251D0FAD00C52697 /* NickNameViewModel.swift in Sources */ = {isa = PBXBuildFile; fileRef = 19BD2FF9251D0FAD00C52697 /* NickNameViewModel.swift */; };
		19EF8FF0255A883300767CC8 /* NickNameChange.swift in Sources */ = {isa = PBXBuildFile; fileRef = 19EF8FEF255A883300767CC8 /* NickNameChange.swift */; };
		19F4BB80251DE8860092F928 /* MyPostModel.swift in Sources */ = {isa = PBXBuildFile; fileRef = 19F4BB7F251DE8860092F928 /* MyPostModel.swift */; };
		19F82B73256A75BA00DFEB4E /* MyComment.swift in Sources */ = {isa = PBXBuildFile; fileRef = 19F82B72256A75BA00DFEB4E /* MyComment.swift */; };
		3B2254EAA5279D13A4A8BB36 /* Pods_duo.framework in Frameworks */ = {isa = PBXBuildFile; fileRef = 2CD8DE695F80422D60D7DBE7 /* Pods_duo.framework */; };
/* End PBXBuildFile section */

/* Begin PBXFileReference section */
		0904E0AA259A357900184DC0 /* UIButton+Extension.swift */ = {isa = PBXFileReference; lastKnownFileType = sourcecode.swift; path = "UIButton+Extension.swift"; sourceTree = "<group>"; };
		0904E0AF259A37EE00184DC0 /* ViewModel.swift */ = {isa = PBXFileReference; lastKnownFileType = sourcecode.swift; path = ViewModel.swift; sourceTree = "<group>"; };
		090EF50D24FFE55700ADC959 /* SelectBoard.swift */ = {isa = PBXFileReference; lastKnownFileType = sourcecode.swift; path = SelectBoard.swift; sourceTree = "<group>"; };
		091A062D25072C7000B405B6 /* UpLoadLoLPost.swift */ = {isa = PBXFileReference; lastKnownFileType = sourcecode.swift; path = UpLoadLoLPost.swift; sourceTree = "<group>"; };
		0949308125B7157400AA95C6 /* GodoM.ttf */ = {isa = PBXFileReference; lastKnownFileType = file; name = GodoM.ttf; path = ../../../Downloads/godoFont/GodoM.ttf; sourceTree = "<group>"; };
		0949308325B7166E00AA95C6 /* GodoB.ttf */ = {isa = PBXFileReference; lastKnownFileType = file; name = GodoB.ttf; path = ../../../Downloads/godoFont/GodoB.ttf; sourceTree = "<group>"; };
		09549B0024FFC07400B1A0B0 /* LoLPostCell.swift */ = {isa = PBXFileReference; lastKnownFileType = sourcecode.swift; path = LoLPostCell.swift; sourceTree = "<group>"; };
		096E157525A06EF100F2A55C /* SplashViewController.swift */ = {isa = PBXFileReference; lastKnownFileType = sourcecode.swift; path = SplashViewController.swift; sourceTree = "<group>"; };
		096E157C25A0791D00F2A55C /* SplashViewModel.swift */ = {isa = PBXFileReference; lastKnownFileType = sourcecode.swift; path = SplashViewModel.swift; sourceTree = "<group>"; };
		096E157F25A079D600F2A55C /* UIViewController+Extension.swift */ = {isa = PBXFileReference; lastKnownFileType = sourcecode.swift; path = "UIViewController+Extension.swift"; sourceTree = "<group>"; };
		097B73D525AAD22600367728 /* SplashViewController.xib */ = {isa = PBXFileReference; lastKnownFileType = file.xib; path = SplashViewController.xib; sourceTree = "<group>"; };
		097B73D825AADA0B00367728 /* TabBarViewController.swift */ = {isa = PBXFileReference; lastKnownFileType = sourcecode.swift; path = TabBarViewController.swift; sourceTree = "<group>"; };
		097B73DD25AADB5100367728 /* TabBarView.swift */ = {isa = PBXFileReference; lastKnownFileType = sourcecode.swift; path = TabBarView.swift; sourceTree = "<group>"; };
		097B73E125AADBDB00367728 /* TabBarView.xib */ = {isa = PBXFileReference; lastKnownFileType = file.xib; path = TabBarView.xib; sourceTree = "<group>"; };
		0989123B2502338D0006909F /* BaseValue.swift */ = {isa = PBXFileReference; lastKnownFileType = sourcecode.swift; path = BaseValue.swift; sourceTree = "<group>"; };
		098A740A25ADE5720018300F /* Codable+Extension.swift */ = {isa = PBXFileReference; lastKnownFileType = sourcecode.swift; path = "Codable+Extension.swift"; sourceTree = "<group>"; };
		098A741425ADEF690018300F /* CodableProtocol+extension.swift */ = {isa = PBXFileReference; lastKnownFileType = sourcecode.swift; path = "CodableProtocol+extension.swift"; sourceTree = "<group>"; };
		099669632524AC7200336252 /* LoLMainBoardModel.swift */ = {isa = PBXFileReference; lastKnownFileType = sourcecode.swift; path = LoLMainBoardModel.swift; sourceTree = "<group>"; };
		099669672524AC9000336252 /* LoLMainBoardExtension.swift */ = {isa = PBXFileReference; lastKnownFileType = sourcecode.swift; path = LoLMainBoardExtension.swift; sourceTree = "<group>"; };
		0996696A2524ACB300336252 /* LoLMainBoardViewModel.swift */ = {isa = PBXFileReference; lastKnownFileType = sourcecode.swift; path = LoLMainBoardViewModel.swift; sourceTree = "<group>"; };
		09B3F03625C0564E00F5A2AE /* BaseApi.swift */ = {isa = PBXFileReference; lastKnownFileType = sourcecode.swift; path = BaseApi.swift; sourceTree = "<group>"; };
		09B519BE24FAAC5400E41FFE /* SceneDelegate.swift */ = {isa = PBXFileReference; lastKnownFileType = sourcecode.swift; path = SceneDelegate.swift; sourceTree = "<group>"; };
		09BD7F8B24ED038100409033 /* duo.app */ = {isa = PBXFileReference; explicitFileType = wrapper.application; includeInIndex = 0; path = duo.app; sourceTree = BUILT_PRODUCTS_DIR; };
		09BD7F8E24ED038100409033 /* AppDelegate.swift */ = {isa = PBXFileReference; lastKnownFileType = sourcecode.swift; path = AppDelegate.swift; sourceTree = "<group>"; };
		09BD7F9524ED038100409033 /* Base */ = {isa = PBXFileReference; lastKnownFileType = file.storyboard; name = Base; path = Base.lproj/Main.storyboard; sourceTree = "<group>"; };
		09BD7F9824ED038100409033 /* duo.xcdatamodel */ = {isa = PBXFileReference; lastKnownFileType = wrapper.xcdatamodel; path = duo.xcdatamodel; sourceTree = "<group>"; };
		09BD7F9D24ED038200409033 /* Base */ = {isa = PBXFileReference; lastKnownFileType = file.storyboard; name = Base; path = Base.lproj/LaunchScreen.storyboard; sourceTree = "<group>"; };
		09BD7F9F24ED038200409033 /* Info.plist */ = {isa = PBXFileReference; lastKnownFileType = text.plist.xml; path = Info.plist; sourceTree = "<group>"; };
		09CD951B25A4BA83008F7E68 /* BaseNetwork.swift */ = {isa = PBXFileReference; lastKnownFileType = sourcecode.swift; name = BaseNetwork.swift; path = duo/Data/Network/BaseNetwork.swift; sourceTree = SOURCE_ROOT; };
		09D7338925AAF81300DC556A /* HomeViewController.swift */ = {isa = PBXFileReference; lastKnownFileType = sourcecode.swift; path = HomeViewController.swift; sourceTree = "<group>"; };
		09D7338A25AAF81300DC556A /* HomeViewController.xib */ = {isa = PBXFileReference; lastKnownFileType = file.xib; path = HomeViewController.xib; sourceTree = "<group>"; };
		09D7338E25AAF89500DC556A /* ChatViewController.swift */ = {isa = PBXFileReference; lastKnownFileType = sourcecode.swift; path = ChatViewController.swift; sourceTree = "<group>"; };
		09D7338F25AAF89500DC556A /* ChatViewController.xib */ = {isa = PBXFileReference; lastKnownFileType = file.xib; path = ChatViewController.xib; sourceTree = "<group>"; };
		09D7339325AAF8A600DC556A /* ProfileViewController.swift */ = {isa = PBXFileReference; lastKnownFileType = sourcecode.swift; path = ProfileViewController.swift; sourceTree = "<group>"; };
		09D7339425AAF8A600DC556A /* ProfileViewController.xib */ = {isa = PBXFileReference; lastKnownFileType = file.xib; path = ProfileViewController.xib; sourceTree = "<group>"; };
		09D7339925AAFAAA00DC556A /* TabBarViewModel.swift */ = {isa = PBXFileReference; lastKnownFileType = sourcecode.swift; path = TabBarViewModel.swift; sourceTree = "<group>"; };
		09D7339C25AAFB7E00DC556A /* UserUseCase.swift */ = {isa = PBXFileReference; lastKnownFileType = sourcecode.swift; name = UserUseCase.swift; path = duo/Domain/UseCase/UserUseCase.swift; sourceTree = SOURCE_ROOT; };
		09D7339F25AAFF6C00DC556A /* PostUseCase.swift */ = {isa = PBXFileReference; lastKnownFileType = sourcecode.swift; name = PostUseCase.swift; path = duo/Domain/UseCase/PostUseCase.swift; sourceTree = SOURCE_ROOT; };
		09D733A225AB304800DC556A /* UserDatabase.swift */ = {isa = PBXFileReference; lastKnownFileType = sourcecode.swift; path = UserDatabase.swift; sourceTree = "<group>"; };
		09D733A525AB319300DC556A /* UserEntity.swift */ = {isa = PBXFileReference; lastKnownFileType = sourcecode.swift; name = UserEntity.swift; path = duo/Domain/Entity/UserEntity.swift; sourceTree = SOURCE_ROOT; };
		09D733A825AB354300DC556A /* Object+Extension.swift */ = {isa = PBXFileReference; lastKnownFileType = sourcecode.swift; path = "Object+Extension.swift"; sourceTree = "<group>"; };
		09DE17C425C05EE20003A846 /* UserNetwork.swift */ = {isa = PBXFileReference; lastKnownFileType = sourcecode.swift; path = UserNetwork.swift; sourceTree = "<group>"; };
		09FD4A7F25A1D3C0003B596F /* RealmManager.swift */ = {isa = PBXFileReference; lastKnownFileType = sourcecode.swift; path = RealmManager.swift; sourceTree = "<group>"; };
		09FD4A8325A1D792003B596F /* RealmUser.swift */ = {isa = PBXFileReference; lastKnownFileType = sourcecode.swift; path = RealmUser.swift; sourceTree = "<group>"; };
		1909BB812561994D00C44CFA /* MyPostViewExtension.swift */ = {isa = PBXFileReference; lastKnownFileType = sourcecode.swift; path = MyPostViewExtension.swift; sourceTree = "<group>"; };
		1910CC9F256156B8008DFC20 /* CommetCell.swift */ = {isa = PBXFileReference; lastKnownFileType = sourcecode.swift; path = CommetCell.swift; sourceTree = "<group>"; };
		191CAFB72503BED900933A66 /* MyPostView.swift */ = {isa = PBXFileReference; lastKnownFileType = sourcecode.swift; path = MyPostView.swift; sourceTree = "<group>"; };
		191CAFB92503E88200933A66 /* MyPostCell.swift */ = {isa = PBXFileReference; lastKnownFileType = sourcecode.swift; path = MyPostCell.swift; sourceTree = "<group>"; };
		1924FBF125827A700031BB60 /* Chat.swift */ = {isa = PBXFileReference; lastKnownFileType = sourcecode.swift; path = Chat.swift; sourceTree = "<group>"; };
		192DB5222582863B0037BF39 /* NewChat.swift */ = {isa = PBXFileReference; lastKnownFileType = sourcecode.swift; path = NewChat.swift; sourceTree = "<group>"; };
		1943A45D24FD3604001B4092 /* LolMainBoard.swift */ = {isa = PBXFileReference; lastKnownFileType = sourcecode.swift; path = LolMainBoard.swift; sourceTree = "<group>"; };
		195A5C82251CF2A700FD352D /* LoginViewModel.swift */ = {isa = PBXFileReference; lastKnownFileType = sourcecode.swift; path = LoginViewModel.swift; sourceTree = "<group>"; };
		195A5C87251CF32F00FD352D /* LoginViewController.swift */ = {isa = PBXFileReference; lastKnownFileType = sourcecode.swift; path = LoginViewController.swift; sourceTree = "<group>"; };
		195CA9A224F16D2100D1F52A /* Assets.xcassets */ = {isa = PBXFileReference; lastKnownFileType = folder.assetcatalog; path = Assets.xcassets; sourceTree = "<group>"; };
		19713312251A29890085EDEA /* FilterView.swift */ = {isa = PBXFileReference; lastKnownFileType = sourcecode.swift; path = FilterView.swift; sourceTree = "<group>"; };
		19713316251A29A20085EDEA /* FilterModel.swift */ = {isa = PBXFileReference; lastKnownFileType = sourcecode.swift; path = FilterModel.swift; sourceTree = "<group>"; };
		19713319251A29B00085EDEA /* FilterViewModel.swift */ = {isa = PBXFileReference; lastKnownFileType = sourcecode.swift; path = FilterViewModel.swift; sourceTree = "<group>"; };
		1974132E24FD09B7003BB2F3 /* AccountView.swift */ = {isa = PBXFileReference; lastKnownFileType = sourcecode.swift; path = AccountView.swift; sourceTree = "<group>"; };
		1980409824F4B23700ED48B2 /* GameSelectView.swift */ = {isa = PBXFileReference; lastKnownFileType = sourcecode.swift; path = GameSelectView.swift; sourceTree = "<group>"; };
		1995002D250D12180041BA69 /* GameTab.storyboard */ = {isa = PBXFileReference; lastKnownFileType = file.storyboard; path = GameTab.storyboard; sourceTree = "<group>"; };
		19BD2FF6251D0FA300C52697 /* NickNameView.swift */ = {isa = PBXFileReference; lastKnownFileType = sourcecode.swift; path = NickNameView.swift; sourceTree = "<group>"; };
		19BD2FF9251D0FAD00C52697 /* NickNameViewModel.swift */ = {isa = PBXFileReference; lastKnownFileType = sourcecode.swift; path = NickNameViewModel.swift; sourceTree = "<group>"; };
		19EF8FEF255A883300767CC8 /* NickNameChange.swift */ = {isa = PBXFileReference; lastKnownFileType = sourcecode.swift; path = NickNameChange.swift; sourceTree = "<group>"; };
		19F4BB7F251DE8860092F928 /* MyPostModel.swift */ = {isa = PBXFileReference; lastKnownFileType = sourcecode.swift; path = MyPostModel.swift; sourceTree = "<group>"; };
		19F82B72256A75BA00DFEB4E /* MyComment.swift */ = {isa = PBXFileReference; lastKnownFileType = sourcecode.swift; path = MyComment.swift; sourceTree = "<group>"; };
		2CD8DE695F80422D60D7DBE7 /* Pods_duo.framework */ = {isa = PBXFileReference; explicitFileType = wrapper.framework; includeInIndex = 0; path = Pods_duo.framework; sourceTree = BUILT_PRODUCTS_DIR; };
		4A22BD3CD5178AD248BABCA6 /* Pods-duo.debug.xcconfig */ = {isa = PBXFileReference; includeInIndex = 1; lastKnownFileType = text.xcconfig; name = "Pods-duo.debug.xcconfig"; path = "Target Support Files/Pods-duo/Pods-duo.debug.xcconfig"; sourceTree = "<group>"; };
		E8E52C42FD0FCAD5FBFA879F /* Pods-duo.release.xcconfig */ = {isa = PBXFileReference; includeInIndex = 1; lastKnownFileType = text.xcconfig; name = "Pods-duo.release.xcconfig"; path = "Target Support Files/Pods-duo/Pods-duo.release.xcconfig"; sourceTree = "<group>"; };
/* End PBXFileReference section */

/* Begin PBXFrameworksBuildPhase section */
		09BD7F8824ED038100409033 /* Frameworks */ = {
			isa = PBXFrameworksBuildPhase;
			buildActionMask = 2147483647;
			files = (
				3B2254EAA5279D13A4A8BB36 /* Pods_duo.framework in Frameworks */,
			);
			runOnlyForDeploymentPostprocessing = 0;
		};
/* End PBXFrameworksBuildPhase section */

/* Begin PBXGroup section */
		0904E0A8259A345100184DC0 /* Extension */ = {
			isa = PBXGroup;
			children = (
				096E157F25A079D600F2A55C /* UIViewController+Extension.swift */,
				0904E0AA259A357900184DC0 /* UIButton+Extension.swift */,
				098A740A25ADE5720018300F /* Codable+Extension.swift */,
				098A741425ADEF690018300F /* CodableProtocol+extension.swift */,
				09D733A825AB354300DC556A /* Object+Extension.swift */,
			);
			path = Extension;
			sourceTree = "<group>";
		};
		0904E0AD259A379500184DC0 /* 로그인 */ = {
			isa = PBXGroup;
			children = (
				195A5C87251CF32F00FD352D /* LoginViewController.swift */,
				195A5C82251CF2A700FD352D /* LoginViewModel.swift */,
			);
			name = "로그인";
			path = "로그인";
			sourceTree = "<group>";
		};
		096E157425A06ED000F2A55C /* 스플래쉬 */ = {
			isa = PBXGroup;
			children = (
				096E157525A06EF100F2A55C /* SplashViewController.swift */,
				096E157C25A0791D00F2A55C /* SplashViewModel.swift */,
				097B73D525AAD22600367728 /* SplashViewController.xib */,
			);
			name = "스플래쉬";
			path = "스플래쉬";
			sourceTree = "<group>";
		};
		097B73DB25AADB1300367728 /* 탭바 */ = {
			isa = PBXGroup;
			children = (
				097B73D825AADA0B00367728 /* TabBarViewController.swift */,
				097B73DD25AADB5100367728 /* TabBarView.swift */,
				097B73E125AADBDB00367728 /* TabBarView.xib */,
				09D7339925AAFAAA00DC556A /* TabBarViewModel.swift */,
			);
			name = "탭바";
			path = "탭바";
			sourceTree = "<group>";
		};
		09825E8E259A1C4E003BA409 /* Common */ = {
			isa = PBXGroup;
			children = (
				0904E0A8259A345100184DC0 /* Extension */,
				19BD2FF1251D0D8D00C52697 /* StoryBoard */,
				0904E0AF259A37EE00184DC0 /* ViewModel.swift */,
				09BD7F8E24ED038100409033 /* AppDelegate.swift */,
				09B519BE24FAAC5400E41FFE /* SceneDelegate.swift */,
				0989123B2502338D0006909F /* BaseValue.swift */,
			);
			path = Common;
			sourceTree = "<group>";
		};
		099259C9259DEE8B0068FCF1 /* 회원가입( 닉네임 설정 ) */ = {
			isa = PBXGroup;
			children = (
				19BD2FF6251D0FA300C52697 /* NickNameView.swift */,
				19BD2FF9251D0FAD00C52697 /* NickNameViewModel.swift */,
			);
			name = "회원가입( 닉네임 설정 )";
			path = "회원가입( 닉네임 설정 )";
			sourceTree = "<group>";
		};
		099259CD259DF1410068FCF1 /* 메인 */ = {
			isa = PBXGroup;
			children = (
				1980409824F4B23700ED48B2 /* GameSelectView.swift */,
				09DEF76125A09D6E001A320B /* LoL */,
				09D7338925AAF81300DC556A /* HomeViewController.swift */,
				09D7338A25AAF81300DC556A /* HomeViewController.xib */,
			);
			name = "메인";
			path = "메인( 게임 선택창 )";
			sourceTree = "<group>";
		};
		09B3F03525C0564000F5A2AE /* Network */ = {
			isa = PBXGroup;
			children = (
				09CD951B25A4BA83008F7E68 /* BaseNetwork.swift */,
				09B3F03625C0564E00F5A2AE /* BaseApi.swift */,
				09DE17C425C05EE20003A846 /* UserNetwork.swift */,
			);
			path = Network;
			sourceTree = "<group>";
		};
		09B3F03A25C05BF700F5A2AE /* Domain */ = {
			isa = PBXGroup;
			children = (
				09B3F03B25C05C0000F5A2AE /* UseCase */,
				09B3F03C25C05C0C00F5A2AE /* Entity */,
			);
			path = Domain;
			sourceTree = "<group>";
		};
		09B3F03B25C05C0000F5A2AE /* UseCase */ = {
			isa = PBXGroup;
			children = (
				09D7339C25AAFB7E00DC556A /* UserUseCase.swift */,
				09D7339F25AAFF6C00DC556A /* PostUseCase.swift */,
			);
			path = UseCase;
			sourceTree = "<group>";
		};
		09B3F03C25C05C0C00F5A2AE /* Entity */ = {
			isa = PBXGroup;
			children = (
				09D733A525AB319300DC556A /* UserEntity.swift */,
			);
			path = Entity;
			sourceTree = "<group>";
		};
		09BD7F8224ED038100409033 = {
			isa = PBXGroup;
			children = (
				09BD7F8D24ED038100409033 /* duo */,
				09BD7F8C24ED038100409033 /* Products */,
				0C2A884A61E9B8B9736785C2 /* Pods */,
				805CC1D0E5179882B5E8865D /* Frameworks */,
			);
			sourceTree = "<group>";
		};
		09BD7F8C24ED038100409033 /* Products */ = {
			isa = PBXGroup;
			children = (
				09BD7F8B24ED038100409033 /* duo.app */,
			);
			name = Products;
			sourceTree = "<group>";
		};
		09BD7F8D24ED038100409033 /* duo */ = {
			isa = PBXGroup;
			children = (
				09825E8E259A1C4E003BA409 /* Common */,
				195A5C7F251CF1E100FD352D /* View */,
				09B3F03A25C05BF700F5A2AE /* Domain */,
				09FD4A7C25A1CE6F003B596F /* Data */,
				195A5C7E251CF1DA00FD352D /* Model */,
				09BD7F9724ED038100409033 /* duo.xcdatamodeld */,
				195CA9A224F16D2100D1F52A /* Assets.xcassets */,
				09BD7F9F24ED038200409033 /* Info.plist */,
				0949308125B7157400AA95C6 /* GodoM.ttf */,
				0949308325B7166E00AA95C6 /* GodoB.ttf */,
			);
			path = duo;
			sourceTree = "<group>";
		};
		09DEF75F25A09D4A001A320B /* 채팅 */ = {
			isa = PBXGroup;
			children = (
				192DB5222582863B0037BF39 /* NewChat.swift */,
				1924FBF125827A700031BB60 /* Chat.swift */,
				09D7338E25AAF89500DC556A /* ChatViewController.swift */,
				09D7338F25AAF89500DC556A /* ChatViewController.xib */,
			);
			name = "채팅";
			path = "채팅";
			sourceTree = "<group>";
		};
		09DEF76025A09D56001A320B /* 프로필 */ = {
			isa = PBXGroup;
			children = (
				1974132E24FD09B7003BB2F3 /* AccountView.swift */,
				191CAFB72503BED900933A66 /* MyPostView.swift */,
				1909BB812561994D00C44CFA /* MyPostViewExtension.swift */,
				19EF8FEF255A883300767CC8 /* NickNameChange.swift */,
				19F82B72256A75BA00DFEB4E /* MyComment.swift */,
				09DEF76325A09E55001A320B /* Cell */,
				09D7339325AAF8A600DC556A /* ProfileViewController.swift */,
				09D7339425AAF8A600DC556A /* ProfileViewController.xib */,
			);
			name = "프로필";
			path = "설정";
			sourceTree = "<group>";
		};
		09DEF76125A09D6E001A320B /* LoL */ = {
			isa = PBXGroup;
			children = (
				090EF50D24FFE55700ADC959 /* SelectBoard.swift */,
				19713312251A29890085EDEA /* FilterView.swift */,
				19713319251A29B00085EDEA /* FilterViewModel.swift */,
				1943A45D24FD3604001B4092 /* LolMainBoard.swift */,
				0996696A2524ACB300336252 /* LoLMainBoardViewModel.swift */,
				099669672524AC9000336252 /* LoLMainBoardExtension.swift */,
				091A062D25072C7000B405B6 /* UpLoadLoLPost.swift */,
				09DEF76225A09D95001A320B /* Cell */,
			);
			name = LoL;
			path = "롤";
			sourceTree = "<group>";
		};
		09DEF76225A09D95001A320B /* Cell */ = {
			isa = PBXGroup;
			children = (
				09549B0024FFC07400B1A0B0 /* LoLPostCell.swift */,
			);
			path = Cell;
			sourceTree = "<group>";
		};
		09DEF76325A09E55001A320B /* Cell */ = {
			isa = PBXGroup;
			children = (
				191CAFB92503E88200933A66 /* MyPostCell.swift */,
				1910CC9F256156B8008DFC20 /* CommetCell.swift */,
			);
			path = Cell;
			sourceTree = "<group>";
		};
		09FD4A7C25A1CE6F003B596F /* Data */ = {
			isa = PBXGroup;
			children = (
				09B3F03525C0564000F5A2AE /* Network */,
				09FD4A7D25A1D282003B596F /* Database */,
			);
			path = Data;
			sourceTree = "<group>";
		};
		09FD4A7D25A1D282003B596F /* Database */ = {
			isa = PBXGroup;
			children = (
				09D733A225AB304800DC556A /* UserDatabase.swift */,
				09FD4A8225A1D773003B596F /* Realm */,
			);
			path = Database;
			sourceTree = "<group>";
		};
		09FD4A8225A1D773003B596F /* Realm */ = {
			isa = PBXGroup;
			children = (
				09FD4A7F25A1D3C0003B596F /* RealmManager.swift */,
				09FD4A8325A1D792003B596F /* RealmUser.swift */,
			);
			path = Realm;
			sourceTree = "<group>";
		};
		0C2A884A61E9B8B9736785C2 /* Pods */ = {
			isa = PBXGroup;
			children = (
				4A22BD3CD5178AD248BABCA6 /* Pods-duo.debug.xcconfig */,
				E8E52C42FD0FCAD5FBFA879F /* Pods-duo.release.xcconfig */,
			);
			path = Pods;
			sourceTree = "<group>";
		};
		195A5C7E251CF1DA00FD352D /* Model */ = {
			isa = PBXGroup;
			children = (
				19713316251A29A20085EDEA /* FilterModel.swift */,
				19F4BB7F251DE8860092F928 /* MyPostModel.swift */,
				099669632524AC7200336252 /* LoLMainBoardModel.swift */,
			);
			path = Model;
			sourceTree = "<group>";
		};
		195A5C7F251CF1E100FD352D /* View */ = {
			isa = PBXGroup;
			children = (
				097B73DB25AADB1300367728 /* 탭바 */,
				096E157425A06ED000F2A55C /* 스플래쉬 */,
				099259C9259DEE8B0068FCF1 /* 회원가입( 닉네임 설정 ) */,
				0904E0AD259A379500184DC0 /* 로그인 */,
				099259CD259DF1410068FCF1 /* 메인 */,
				09DEF75F25A09D4A001A320B /* 채팅 */,
				09DEF76025A09D56001A320B /* 프로필 */,
			);
			path = View;
			sourceTree = "<group>";
		};
		19BD2FF1251D0D8D00C52697 /* StoryBoard */ = {
			isa = PBXGroup;
			children = (
				09BD7F9424ED038100409033 /* Main.storyboard */,
				1995002D250D12180041BA69 /* GameTab.storyboard */,
				09BD7F9C24ED038200409033 /* LaunchScreen.storyboard */,
			);
			path = StoryBoard;
			sourceTree = "<group>";
		};
		805CC1D0E5179882B5E8865D /* Frameworks */ = {
			isa = PBXGroup;
			children = (
				2CD8DE695F80422D60D7DBE7 /* Pods_duo.framework */,
			);
			name = Frameworks;
			sourceTree = "<group>";
		};
/* End PBXGroup section */

/* Begin PBXNativeTarget section */
		09BD7F8A24ED038100409033 /* duo */ = {
			isa = PBXNativeTarget;
			buildConfigurationList = 09BD7FA224ED038200409033 /* Build configuration list for PBXNativeTarget "duo" */;
			buildPhases = (
				7BE7DB0EC51B9F1D5CAF7644 /* [CP] Check Pods Manifest.lock */,
				09BD7F8724ED038100409033 /* Sources */,
				09BD7F8824ED038100409033 /* Frameworks */,
				09BD7F8924ED038100409033 /* Resources */,
				78E5EABA2A5F75D464744876 /* [CP] Embed Pods Frameworks */,
			);
			buildRules = (
			);
			dependencies = (
			);
			name = duo;
			productName = duo;
			productReference = 09BD7F8B24ED038100409033 /* duo.app */;
			productType = "com.apple.product-type.application";
		};
/* End PBXNativeTarget section */

/* Begin PBXProject section */
		09BD7F8324ED038100409033 /* Project object */ = {
			isa = PBXProject;
			attributes = {
				LastSwiftUpdateCheck = 1160;
				LastUpgradeCheck = 1160;
				ORGANIZATIONNAME = "김록원";
				TargetAttributes = {
					09BD7F8A24ED038100409033 = {
						CreatedOnToolsVersion = 11.6;
					};
				};
			};
			buildConfigurationList = 09BD7F8624ED038100409033 /* Build configuration list for PBXProject "duo" */;
			compatibilityVersion = "Xcode 9.3";
			developmentRegion = en;
			hasScannedForEncodings = 0;
			knownRegions = (
				en,
				Base,
			);
			mainGroup = 09BD7F8224ED038100409033;
			productRefGroup = 09BD7F8C24ED038100409033 /* Products */;
			projectDirPath = "";
			projectRoot = "";
			targets = (
				09BD7F8A24ED038100409033 /* duo */,
			);
		};
/* End PBXProject section */

/* Begin PBXResourcesBuildPhase section */
		09BD7F8924ED038100409033 /* Resources */ = {
			isa = PBXResourcesBuildPhase;
			buildActionMask = 2147483647;
			files = (
				09D7339625AAF8A600DC556A /* ProfileViewController.xib in Resources */,
				0987128325B7195F008D571D /* GodoM.ttf in Resources */,
				097B73E225AADBDB00367728 /* TabBarView.xib in Resources */,
				09BD7F9E24ED038200409033 /* LaunchScreen.storyboard in Resources */,
				195CA9A324F16D2100D1F52A /* Assets.xcassets in Resources */,
				1995002E250D12180041BA69 /* GameTab.storyboard in Resources */,
				0987128525B71A1F008D571D /* GodoB.ttf in Resources */,
				097B73D625AAD22600367728 /* SplashViewController.xib in Resources */,
				09D7338C25AAF81300DC556A /* HomeViewController.xib in Resources */,
				09D7339125AAF89500DC556A /* ChatViewController.xib in Resources */,
				19BD2FEF251CFE5D00C52697 /* Main.storyboard in Resources */,
			);
			runOnlyForDeploymentPostprocessing = 0;
		};
/* End PBXResourcesBuildPhase section */

/* Begin PBXShellScriptBuildPhase section */
		78E5EABA2A5F75D464744876 /* [CP] Embed Pods Frameworks */ = {
			isa = PBXShellScriptBuildPhase;
			buildActionMask = 2147483647;
			files = (
			);
			inputFileListPaths = (
				"${PODS_ROOT}/Target Support Files/Pods-duo/Pods-duo-frameworks-${CONFIGURATION}-input-files.xcfilelist",
			);
			name = "[CP] Embed Pods Frameworks";
			outputFileListPaths = (
				"${PODS_ROOT}/Target Support Files/Pods-duo/Pods-duo-frameworks-${CONFIGURATION}-output-files.xcfilelist",
			);
			runOnlyForDeploymentPostprocessing = 0;
			shellPath = /bin/sh;
			shellScript = "\"${PODS_ROOT}/Target Support Files/Pods-duo/Pods-duo-frameworks.sh\"\n";
			showEnvVarsInLog = 0;
		};
		7BE7DB0EC51B9F1D5CAF7644 /* [CP] Check Pods Manifest.lock */ = {
			isa = PBXShellScriptBuildPhase;
			buildActionMask = 2147483647;
			files = (
			);
			inputFileListPaths = (
			);
			inputPaths = (
				"${PODS_PODFILE_DIR_PATH}/Podfile.lock",
				"${PODS_ROOT}/Manifest.lock",
			);
			name = "[CP] Check Pods Manifest.lock";
			outputFileListPaths = (
			);
			outputPaths = (
				"$(DERIVED_FILE_DIR)/Pods-duo-checkManifestLockResult.txt",
			);
			runOnlyForDeploymentPostprocessing = 0;
			shellPath = /bin/sh;
			shellScript = "diff \"${PODS_PODFILE_DIR_PATH}/Podfile.lock\" \"${PODS_ROOT}/Manifest.lock\" > /dev/null\nif [ $? != 0 ] ; then\n    # print error to STDERR\n    echo \"error: The sandbox is not in sync with the Podfile.lock. Run 'pod install' or update your CocoaPods installation.\" >&2\n    exit 1\nfi\n# This output is used by Xcode 'outputs' to avoid re-running this script phase.\necho \"SUCCESS\" > \"${SCRIPT_OUTPUT_FILE_0}\"\n";
			showEnvVarsInLog = 0;
		};
/* End PBXShellScriptBuildPhase section */

/* Begin PBXSourcesBuildPhase section */
		09BD7F8724ED038100409033 /* Sources */ = {
			isa = PBXSourcesBuildPhase;
			buildActionMask = 2147483647;
			files = (
				09D733A925AB354300DC556A /* Object+Extension.swift in Sources */,
				091A062E25072C7000B405B6 /* UpLoadLoLPost.swift in Sources */,
				09549B0124FFC07400B1A0B0 /* LoLPostCell.swift in Sources */,
				1909BB822561994D00C44CFA /* MyPostViewExtension.swift in Sources */,
				09BD7F9924ED038100409033 /* duo.xcdatamodeld in Sources */,
				195A5C88251CF32F00FD352D /* LoginViewController.swift in Sources */,
				09CD951C25A4BA83008F7E68 /* BaseNetwork.swift in Sources */,
				09FD4A8025A1D3C0003B596F /* RealmManager.swift in Sources */,
				099669682524AC9000336252 /* LoLMainBoardExtension.swift in Sources */,
				09D733A325AB304800DC556A /* UserDatabase.swift in Sources */,
				09B519BF24FAAC5400E41FFE /* SceneDelegate.swift in Sources */,
				09FD4A8425A1D792003B596F /* RealmUser.swift in Sources */,
				09D733A025AAFF6C00DC556A /* PostUseCase.swift in Sources */,
				09D7339025AAF89500DC556A /* ChatViewController.swift in Sources */,
				097B73D925AADA0B00367728 /* TabBarViewController.swift in Sources */,
				1924FBF225827A700031BB60 /* Chat.swift in Sources */,
				1943A45E24FD3604001B4092 /* LolMainBoard.swift in Sources */,
				19BD2FF7251D0FA300C52697 /* NickNameView.swift in Sources */,
				0904E0B0259A37EE00184DC0 /* ViewModel.swift in Sources */,
				096E157D25A0791D00F2A55C /* SplashViewModel.swift in Sources */,
				19F4BB80251DE8860092F928 /* MyPostModel.swift in Sources */,
				0996696B2524ACB300336252 /* LoLMainBoardViewModel.swift in Sources */,
				097B73DE25AADB5100367728 /* TabBarView.swift in Sources */,
				191CAFBA2503E88200933A66 /* MyPostCell.swift in Sources */,
				0904E0AB259A357900184DC0 /* UIButton+Extension.swift in Sources */,
				0989123C2502338D0006909F /* BaseValue.swift in Sources */,
				09D7339D25AAFB7E00DC556A /* UserUseCase.swift in Sources */,
				09BD7F8F24ED038100409033 /* AppDelegate.swift in Sources */,
				09D7339A25AAFAAA00DC556A /* TabBarViewModel.swift in Sources */,
				096E158025A079D600F2A55C /* UIViewController+Extension.swift in Sources */,
				19713317251A29A20085EDEA /* FilterModel.swift in Sources */,
				19EF8FF0255A883300767CC8 /* NickNameChange.swift in Sources */,
				192DB5232582863B0037BF39 /* NewChat.swift in Sources */,
				1980409924F4B23700ED48B2 /* GameSelectView.swift in Sources */,
				098A741525ADEF690018300F /* CodableProtocol+extension.swift in Sources */,
				09B3F03725C0564E00F5A2AE /* BaseApi.swift in Sources */,
				096E157625A06EF100F2A55C /* SplashViewController.swift in Sources */,
				098A740B25ADE5720018300F /* Codable+Extension.swift in Sources */,
				1971331A251A29B00085EDEA /* FilterViewModel.swift in Sources */,
				099669642524AC7200336252 /* LoLMainBoardModel.swift in Sources */,
				090EF50E24FFE55700ADC959 /* SelectBoard.swift in Sources */,
				09DE17C525C05EE20003A846 /* UserNetwork.swift in Sources */,
				19713313251A29890085EDEA /* FilterView.swift in Sources */,
				191CAFB82503BED900933A66 /* MyPostView.swift in Sources */,
				19F82B73256A75BA00DFEB4E /* MyComment.swift in Sources */,
				09D7338B25AAF81300DC556A /* HomeViewController.swift in Sources */,
				19BD2FFA251D0FAD00C52697 /* NickNameViewModel.swift in Sources */,
				09D733A625AB319300DC556A /* UserEntity.swift in Sources */,
				1910CCA0256156B8008DFC20 /* CommetCell.swift in Sources */,
				09D7339525AAF8A600DC556A /* ProfileViewController.swift in Sources */,
				1974132F24FD09B7003BB2F3 /* AccountView.swift in Sources */,
				195A5C83251CF2A700FD352D /* LoginViewModel.swift in Sources */,
			);
			runOnlyForDeploymentPostprocessing = 0;
		};
/* End PBXSourcesBuildPhase section */

/* Begin PBXVariantGroup section */
		09BD7F9424ED038100409033 /* Main.storyboard */ = {
			isa = PBXVariantGroup;
			children = (
				09BD7F9524ED038100409033 /* Base */,
			);
			name = Main.storyboard;
			sourceTree = "<group>";
		};
		09BD7F9C24ED038200409033 /* LaunchScreen.storyboard */ = {
			isa = PBXVariantGroup;
			children = (
				09BD7F9D24ED038200409033 /* Base */,
			);
			name = LaunchScreen.storyboard;
			sourceTree = "<group>";
		};
/* End PBXVariantGroup section */

/* Begin XCBuildConfiguration section */
		09BD7FA024ED038200409033 /* Debug */ = {
			isa = XCBuildConfiguration;
			buildSettings = {
				ALWAYS_SEARCH_USER_PATHS = NO;
				CLANG_ANALYZER_NONNULL = YES;
				CLANG_ANALYZER_NUMBER_OBJECT_CONVERSION = YES_AGGRESSIVE;
				CLANG_CXX_LANGUAGE_STANDARD = "gnu++14";
				CLANG_CXX_LIBRARY = "libc++";
				CLANG_ENABLE_MODULES = YES;
				CLANG_ENABLE_OBJC_ARC = YES;
				CLANG_ENABLE_OBJC_WEAK = YES;
				CLANG_WARN_BLOCK_CAPTURE_AUTORELEASING = YES;
				CLANG_WARN_BOOL_CONVERSION = YES;
				CLANG_WARN_COMMA = YES;
				CLANG_WARN_CONSTANT_CONVERSION = YES;
				CLANG_WARN_DEPRECATED_OBJC_IMPLEMENTATIONS = YES;
				CLANG_WARN_DIRECT_OBJC_ISA_USAGE = YES_ERROR;
				CLANG_WARN_DOCUMENTATION_COMMENTS = YES;
				CLANG_WARN_EMPTY_BODY = YES;
				CLANG_WARN_ENUM_CONVERSION = YES;
				CLANG_WARN_INFINITE_RECURSION = YES;
				CLANG_WARN_INT_CONVERSION = YES;
				CLANG_WARN_NON_LITERAL_NULL_CONVERSION = YES;
				CLANG_WARN_OBJC_IMPLICIT_RETAIN_SELF = YES;
				CLANG_WARN_OBJC_LITERAL_CONVERSION = YES;
				CLANG_WARN_OBJC_ROOT_CLASS = YES_ERROR;
				CLANG_WARN_RANGE_LOOP_ANALYSIS = YES;
				CLANG_WARN_STRICT_PROTOTYPES = YES;
				CLANG_WARN_SUSPICIOUS_MOVE = YES;
				CLANG_WARN_UNGUARDED_AVAILABILITY = YES_AGGRESSIVE;
				CLANG_WARN_UNREACHABLE_CODE = YES;
				CLANG_WARN__DUPLICATE_METHOD_MATCH = YES;
				COPY_PHASE_STRIP = NO;
				DEBUG_INFORMATION_FORMAT = dwarf;
				ENABLE_STRICT_OBJC_MSGSEND = YES;
				ENABLE_TESTABILITY = YES;
				GCC_C_LANGUAGE_STANDARD = gnu11;
				GCC_DYNAMIC_NO_PIC = NO;
				GCC_NO_COMMON_BLOCKS = YES;
				GCC_OPTIMIZATION_LEVEL = 0;
				GCC_PREPROCESSOR_DEFINITIONS = (
					"DEBUG=1",
					"$(inherited)",
				);
				GCC_WARN_64_TO_32_BIT_CONVERSION = YES;
				GCC_WARN_ABOUT_RETURN_TYPE = YES_ERROR;
				GCC_WARN_UNDECLARED_SELECTOR = YES;
				GCC_WARN_UNINITIALIZED_AUTOS = YES_AGGRESSIVE;
				GCC_WARN_UNUSED_FUNCTION = YES;
				GCC_WARN_UNUSED_VARIABLE = YES;
				IPHONEOS_DEPLOYMENT_TARGET = 13.0;
				MTL_ENABLE_DEBUG_INFO = INCLUDE_SOURCE;
				MTL_FAST_MATH = YES;
				ONLY_ACTIVE_ARCH = YES;
				SDKROOT = iphoneos;
				SWIFT_ACTIVE_COMPILATION_CONDITIONS = DEBUG;
				SWIFT_OPTIMIZATION_LEVEL = "-Onone";
			};
			name = Debug;
		};
		09BD7FA124ED038200409033 /* Release */ = {
			isa = XCBuildConfiguration;
			buildSettings = {
				ALWAYS_SEARCH_USER_PATHS = NO;
				CLANG_ANALYZER_NONNULL = YES;
				CLANG_ANALYZER_NUMBER_OBJECT_CONVERSION = YES_AGGRESSIVE;
				CLANG_CXX_LANGUAGE_STANDARD = "gnu++14";
				CLANG_CXX_LIBRARY = "libc++";
				CLANG_ENABLE_MODULES = YES;
				CLANG_ENABLE_OBJC_ARC = YES;
				CLANG_ENABLE_OBJC_WEAK = YES;
				CLANG_WARN_BLOCK_CAPTURE_AUTORELEASING = YES;
				CLANG_WARN_BOOL_CONVERSION = YES;
				CLANG_WARN_COMMA = YES;
				CLANG_WARN_CONSTANT_CONVERSION = YES;
				CLANG_WARN_DEPRECATED_OBJC_IMPLEMENTATIONS = YES;
				CLANG_WARN_DIRECT_OBJC_ISA_USAGE = YES_ERROR;
				CLANG_WARN_DOCUMENTATION_COMMENTS = YES;
				CLANG_WARN_EMPTY_BODY = YES;
				CLANG_WARN_ENUM_CONVERSION = YES;
				CLANG_WARN_INFINITE_RECURSION = YES;
				CLANG_WARN_INT_CONVERSION = YES;
				CLANG_WARN_NON_LITERAL_NULL_CONVERSION = YES;
				CLANG_WARN_OBJC_IMPLICIT_RETAIN_SELF = YES;
				CLANG_WARN_OBJC_LITERAL_CONVERSION = YES;
				CLANG_WARN_OBJC_ROOT_CLASS = YES_ERROR;
				CLANG_WARN_RANGE_LOOP_ANALYSIS = YES;
				CLANG_WARN_STRICT_PROTOTYPES = YES;
				CLANG_WARN_SUSPICIOUS_MOVE = YES;
				CLANG_WARN_UNGUARDED_AVAILABILITY = YES_AGGRESSIVE;
				CLANG_WARN_UNREACHABLE_CODE = YES;
				CLANG_WARN__DUPLICATE_METHOD_MATCH = YES;
				COPY_PHASE_STRIP = NO;
				DEBUG_INFORMATION_FORMAT = "dwarf-with-dsym";
				ENABLE_NS_ASSERTIONS = NO;
				ENABLE_STRICT_OBJC_MSGSEND = YES;
				GCC_C_LANGUAGE_STANDARD = gnu11;
				GCC_NO_COMMON_BLOCKS = YES;
				GCC_WARN_64_TO_32_BIT_CONVERSION = YES;
				GCC_WARN_ABOUT_RETURN_TYPE = YES_ERROR;
				GCC_WARN_UNDECLARED_SELECTOR = YES;
				GCC_WARN_UNINITIALIZED_AUTOS = YES_AGGRESSIVE;
				GCC_WARN_UNUSED_FUNCTION = YES;
				GCC_WARN_UNUSED_VARIABLE = YES;
				IPHONEOS_DEPLOYMENT_TARGET = 13.0;
				MTL_ENABLE_DEBUG_INFO = NO;
				MTL_FAST_MATH = YES;
				SDKROOT = iphoneos;
				SWIFT_COMPILATION_MODE = wholemodule;
				SWIFT_OPTIMIZATION_LEVEL = "-O";
				VALIDATE_PRODUCT = YES;
			};
			name = Release;
		};
		09BD7FA324ED038200409033 /* Debug */ = {
			isa = XCBuildConfiguration;
			baseConfigurationReference = 4A22BD3CD5178AD248BABCA6 /* Pods-duo.debug.xcconfig */;
			buildSettings = {
				ASSETCATALOG_COMPILER_APPICON_NAME = AppIcon;
				CODE_SIGN_STYLE = Automatic;
				DEVELOPMENT_TEAM = 35Z5L89946;
				INFOPLIST_FILE = duo/Info.plist;
				IPHONEOS_DEPLOYMENT_TARGET = 13.0;
				LD_RUNPATH_SEARCH_PATHS = (
					"$(inherited)",
					"@executable_path/Frameworks",
				);
				PRODUCT_BUNDLE_IDENTIFIER = com.rokwon.duo;
				PRODUCT_NAME = "$(TARGET_NAME)";
				SWIFT_VERSION = 5.0;
				TARGETED_DEVICE_FAMILY = "1,2";
			};
			name = Debug;
		};
		09BD7FA424ED038200409033 /* Release */ = {
			isa = XCBuildConfiguration;
			baseConfigurationReference = E8E52C42FD0FCAD5FBFA879F /* Pods-duo.release.xcconfig */;
			buildSettings = {
				ASSETCATALOG_COMPILER_APPICON_NAME = AppIcon;
				CODE_SIGN_STYLE = Automatic;
				DEVELOPMENT_TEAM = 35Z5L89946;
				INFOPLIST_FILE = duo/Info.plist;
				IPHONEOS_DEPLOYMENT_TARGET = 13.0;
				LD_RUNPATH_SEARCH_PATHS = (
					"$(inherited)",
					"@executable_path/Frameworks",
				);
				PRODUCT_BUNDLE_IDENTIFIER = com.rokwon.duo;
				PRODUCT_NAME = "$(TARGET_NAME)";
				SWIFT_VERSION = 5.0;
				TARGETED_DEVICE_FAMILY = "1,2";
			};
			name = Release;
		};
/* End XCBuildConfiguration section */

/* Begin XCConfigurationList section */
		09BD7F8624ED038100409033 /* Build configuration list for PBXProject "duo" */ = {
			isa = XCConfigurationList;
			buildConfigurations = (
				09BD7FA024ED038200409033 /* Debug */,
				09BD7FA124ED038200409033 /* Release */,
			);
			defaultConfigurationIsVisible = 0;
			defaultConfigurationName = Release;
		};
		09BD7FA224ED038200409033 /* Build configuration list for PBXNativeTarget "duo" */ = {
			isa = XCConfigurationList;
			buildConfigurations = (
				09BD7FA324ED038200409033 /* Debug */,
				09BD7FA424ED038200409033 /* Release */,
			);
			defaultConfigurationIsVisible = 0;
			defaultConfigurationName = Release;
		};
/* End XCConfigurationList section */

/* Begin XCVersionGroup section */
		09BD7F9724ED038100409033 /* duo.xcdatamodeld */ = {
			isa = XCVersionGroup;
			children = (
				09BD7F9824ED038100409033 /* duo.xcdatamodel */,
			);
			currentVersion = 09BD7F9824ED038100409033 /* duo.xcdatamodel */;
			path = duo.xcdatamodeld;
			sourceTree = "<group>";
			versionGroupType = wrapper.xcdatamodel;
		};
/* End XCVersionGroup section */
	};
	rootObject = 09BD7F8324ED038100409033 /* Project object */;
}
